
Microsoft Visual Studio Solution File, Format Version 12.00
# Visual Studio 14
VisualStudioVersion = 14.0.23107.0
MinimumVisualStudioVersion = 10.0.40219.1
Project("{FAE04EC0-301F-11D3-BF4B-00C04F79EFBC}") = "Betsson.WebApi", "Betsson.WebApi\Betsson.WebApi.csproj", "{AAC127E4-408C-4B33-A0C2-F416AE178789}"
EndProject
Project("{FAE04EC0-301F-11D3-BF4B-00C04F79EFBC}") = "Betsson.WebApi.Tests", "Betsson.WebApi.Tests\Betsson.WebApi.Tests.csproj", "{7C898DA9-1814-4251-B7A1-FB110D039870}"
EndProject
Project("{FAE04EC0-301F-11D3-BF4B-00C04F79EFBC}") = "Betsson.Data", "Betsson.Data\Betsson.Data.csproj", "{B9937058-B2C7-4435-BC92-A5DAD00AB8CB}"
EndProject
Global
	GlobalSection(SolutionConfigurationPlatforms) = preSolution
		Debug|Any CPU = Debug|Any CPU
		Release|Any CPU = Release|Any CPU
	EndGlobalSection
	GlobalSection(ProjectConfigurationPlatforms) = postSolution
		{AAC127E4-408C-4B33-A0C2-F416AE178789}.Debug|Any CPU.ActiveCfg = Debug|Any CPU
		{AAC127E4-408C-4B33-A0C2-F416AE178789}.Debug|Any CPU.Build.0 = Debug|Any CPU
		{AAC127E4-408C-4B33-A0C2-F416AE178789}.Release|Any CPU.ActiveCfg = Release|Any CPU
		{AAC127E4-408C-4B33-A0C2-F416AE178789}.Release|Any CPU.Build.0 = Release|Any CPU
		{7C898DA9-1814-4251-B7A1-FB110D039870}.Debug|Any CPU.ActiveCfg = Debug|Any CPU
		{7C898DA9-1814-4251-B7A1-FB110D039870}.Debug|Any CPU.Build.0 = Debug|Any CPU
		{7C898DA9-1814-4251-B7A1-FB110D039870}.Release|Any CPU.ActiveCfg = Release|Any CPU
		{7C898DA9-1814-4251-B7A1-FB110D039870}.Release|Any CPU.Build.0 = Release|Any CPU
		{B9937058-B2C7-4435-BC92-A5DAD00AB8CB}.Debug|Any CPU.ActiveCfg = Debug|Any CPU
		{B9937058-B2C7-4435-BC92-A5DAD00AB8CB}.Debug|Any CPU.Build.0 = Debug|Any CPU
		{B9937058-B2C7-4435-BC92-A5DAD00AB8CB}.Release|Any CPU.ActiveCfg = Release|Any CPU
		{B9937058-B2C7-4435-BC92-A5DAD00AB8CB}.Release|Any CPU.Build.0 = Release|Any CPU
	EndGlobalSection
	GlobalSection(SolutionProperties) = preSolution
		HideSolutionNode = FALSE
	EndGlobalSection
EndGlobal
